// !$*UTF8*$!
{
	archiveVersion = 1;
	classes = {
	};
	objectVersion = 56;
	objects = {

/* Begin PBXBuildFile section */
		B8A82B20D65E578E8A32ECE5 /* APIClient.swift in Sources */ = {isa = PBXBuildFile; fileRef = 3E8EED10C9D15AB5BA18F0E0 /* APIClient.swift */; };
		D193492CEE0D52A691668D96 /* AppModel.swift in Sources */ = {isa = PBXBuildFile; fileRef = D762D4CC97CA5C62BA3C6E86 /* AppModel.swift */; };
		320B85A19EA3531BA9ACE4C7 /* IngestEngine.swift in Sources */ = {isa = PBXBuildFile; fileRef = 1862B92C454D51F9B597D1D7 /* IngestEngine.swift */; };
		C8D41E70B2A94F6E8C1D3A57 /* CloudStub.swift in Sources */ = {isa = PBXBuildFile; fileRef = A7B19F24C3D84E5A9F0E1B62 /* CloudStub.swift */; };
		5A4E15BB02C856A0AB2FF6D1 /* MenuBarView.swift in Sources */ = {isa = PBXBuildFile; fileRef = 1C004CF1E5F05CFDAAD902D7 /* MenuBarView.swift */; };
		9212F9A28A515910AA8ED7D5 /* Notifier.swift in Sources */ = {isa = PBXBuildFile; fileRef = 3215E82BF72251DF80D22118 /* Notifier.swift */; };
		E7B96D9449B2514ABB7D65C5 /* SettingsStore.swift in Sources */ = {isa = PBXBuildFile; fileRef = FB5F1930DD2B5794A08081EB /* SettingsStore.swift */; };
		396DA1A3CF2654A091CCFA15 /* SettingsViews.swift in Sources */ = {isa = PBXBuildFile; fileRef = 03F5371F1DBC518EA8FDAB56 /* SettingsViews.swift */; };
		2BA54AF1795254D1AFC49714 /* StorebaseApp.swift in Sources */ = {isa = PBXBuildFile; fileRef = 2C12902FB6395B1B89F7C1D0 /* StorebaseApp.swift */; };
		4C81A0E19B2F4C6DA11E03B7 /* MainWindow.swift in Sources */ = {isa = PBXBuildFile; fileRef = 9D27B6F04A8C4E21B3C90D14 /* MainWindow.swift */; };
		E06ED8AC7DEF592DBEC41BCD /* Assets.xcassets in Resources */ = {isa = PBXBuildFile; fileRef = C937ACB7E67F5DCEBA552CED /* Assets.xcassets */; };
		C41E8B0A7F2D4C1E9A6B3D50 /* AppIcon.icns in Resources */ = {isa = PBXBuildFile; fileRef = 1F8C0D2E6A4B4F90B7C1E234 /* AppIcon.icns */; };
		A90D1C3B8E5F4A2C9D70B681 /* AppIcon.icon in Resources */ = {isa = PBXBuildFile; fileRef = 6B2E9F14C0A84D5E8F31A947 /* AppIcon.icon */; };
/* End PBXBuildFile section */

/* Begin PBXFileReference section */
		3E8EED10C9D15AB5BA18F0E0 /* APIClient.swift */ = {isa = PBXFileReference; lastKnownFileType = sourcecode.swift; path = APIClient.swift; sourceTree = "<group>"; };
		D762D4CC97CA5C62BA3C6E86 /* AppModel.swift */ = {isa = PBXFileReference; lastKnownFileType = sourcecode.swift; path = AppModel.swift; sourceTree = "<group>"; };
		1862B92C454D51F9B597D1D7 /* IngestEngine.swift */ = {isa = PBXFileReference; lastKnownFileType = sourcecode.swift; path = IngestEngine.swift; sourceTree = "<group>"; };
		A7B19F24C3D84E5A9F0E1B62 /* CloudStub.swift */ = {isa = PBXFileReference; lastKnownFileType = sourcecode.swift; path = CloudStub.swift; sourceTree = "<group>"; };
		1C004CF1E5F05CFDAAD902D7 /* MenuBarView.swift */ = {isa = PBXFileReference; lastKnownFileType = sourcecode.swift; path = MenuBarView.swift; sourceTree = "<group>"; };
		3215E82BF72251DF80D22118 /* Notifier.swift */ = {isa = PBXFileReference; lastKnownFileType = sourcecode.swift; path = Notifier.swift; sourceTree = "<group>"; };
		FB5F1930DD2B5794A08081EB /* SettingsStore.swift */ = {isa = PBXFileReference; lastKnownFileType = sourcecode.swift; path = SettingsStore.swift; sourceTree = "<group>"; };
		03F5371F1DBC518EA8FDAB56 /* SettingsViews.swift */ = {isa = PBXFileReference; lastKnownFileType = sourcecode.swift; path = SettingsViews.swift; sourceTree = "<group>"; };
		2C12902FB6395B1B89F7C1D0 /* StorebaseApp.swift */ = {isa = PBXFileReference; lastKnownFileType = sourcecode.swift; path = StorebaseApp.swift; sourceTree = "<group>"; };
		9D27B6F04A8C4E21B3C90D14 /* MainWindow.swift */ = {isa = PBXFileReference; lastKnownFileType = sourcecode.swift; path = MainWindow.swift; sourceTree = "<group>"; };
		C937ACB7E67F5DCEBA552CED /* Assets.xcassets */ = {isa = PBXFileReference; lastKnownFileType = folder.assetcatalog; path = Assets.xcassets; sourceTree = "<group>"; };
		1F8C0D2E6A4B4F90B7C1E234 /* AppIcon.icns */ = {isa = PBXFileReference; lastKnownFileType = image.icns; path = AppIcon.icns; sourceTree = "<group>"; };
		6B2E9F14C0A84D5E8F31A947 /* AppIcon.icon */ = {isa = PBXFileReference; lastKnownFileType = folder.iconcomposer.icon; path = AppIcon.icon; sourceTree = "<group>"; };
		28C811E339CF5D5FB13C018C /* Info.plist */ = {isa = PBXFileReference; lastKnownFileType = text.plist.xml; path = Info.plist; sourceTree = "<group>"; };
		B7C9C4BB2798514B8BC6AC0E /* Storebase.entitlements */ = {isa = PBXFileReference; lastKnownFileType = text.plist.entitlements; path = Storebase.entitlements; sourceTree = "<group>"; };
		339C95AB09785AB098B53029 /* Storebase.app */ = {isa = PBXFileReference; explicitFileType = wrapper.application; includeInIndex = 0; path = Storebase.app; sourceTree = BUILT_PRODUCTS_DIR; };
/* End PBXFileReference section */

/* Begin PBXFrameworksBuildPhase section */
		B62CB627C49151F0965AC9D8 /* Frameworks */ = {
			isa = PBXFrameworksBuildPhase;
			buildActionMask = 2147483647;
			files = (
			);
			runOnlyForDeploymentPostprocessing = 0;
		};
/* End PBXFrameworksBuildPhase section */

/* Begin PBXGroup section */
		AC203C8DC7C958869177086F = {
			isa = PBXGroup;
			children = (
				DBD455F6CADF5353B221F427 /* Storebase */,
				8E5557B69862581FB2E643EF /* Products */,
			);
			sourceTree = "<group>";
		};
		8E5557B69862581FB2E643EF /* Products */ = {
			isa = PBXGroup;
			children = (
				339C95AB09785AB098B53029 /* Storebase.app */,
			);
			name = Products;
			sourceTree = "<group>";
		};
		DBD455F6CADF5353B221F427 /* Storebase */ = {
			isa = PBXGroup;
			children = (
				3E8EED10C9D15AB5BA18F0E0 /* APIClient.swift */,
				D762D4CC97CA5C62BA3C6E86 /* AppModel.swift */,
				1862B92C454D51F9B597D1D7 /* IngestEngine.swift */,
				A7B19F24C3D84E5A9F0E1B62 /* CloudStub.swift */,
				1C004CF1E5F05CFDAAD902D7 /* MenuBarView.swift */,
				3215E82BF72251DF80D22118 /* Notifier.swift */,
				FB5F1930DD2B5794A08081EB /* SettingsStore.swift */,
				03F5371F1DBC518EA8FDAB56 /* SettingsViews.swift */,
				2C12902FB6395B1B89F7C1D0 /* StorebaseApp.swift */,
				9D27B6F04A8C4E21B3C90D14 /* MainWindow.swift */,
				C937ACB7E67F5DCEBA552CED /* Assets.xcassets */,
				1F8C0D2E6A4B4F90B7C1E234 /* AppIcon.icns */,
				6B2E9F14C0A84D5E8F31A947 /* AppIcon.icon */,
				28C811E339CF5D5FB13C018C /* Info.plist */,
				B7C9C4BB2798514B8BC6AC0E /* Storebase.entitlements */,
			);
			path = Storebase;
			sourceTree = "<group>";
		};
/* End PBXGroup section */

/* Begin PBXNativeTarget section */
		69965597196D5B3EBD120609 /* Storebase */ = {
			isa = PBXNativeTarget;
			buildConfigurationList = 10CED1DF82D55900AD2AEE82 /* Build configuration list for PBXNativeTarget "Storebase" */;
			buildPhases = (
				9A9B1F8ED3C254A093C09414 /* Sources */,
				B62CB627C49151F0965AC9D8 /* Frameworks */,
				AED88FF1390D580F9917BFEC /* Resources */,
			);
			buildRules = (
			);
			dependencies = (
			);
			name = Storebase;
			productName = Storebase;
			productReference = 339C95AB09785AB098B53029 /* Storebase.app */;
			productType = "com.apple.product-type.application";
		};
/* End PBXNativeTarget section */

/* Begin PBXProject section */
		55A139ED13465D47A20CF2B1 /* Project object */ = {
			isa = PBXProject;
			attributes = {
				BuildIndependentTargetsInParallel = 1;
				LastSwiftUpdateCheck = 1500;
				LastUpgradeCheck = 1500;
			};
			buildConfigurationList = 3918A6622DCD514AA09E531F /* Build configuration list for PBXProject "Storebase" */;
			compatibilityVersion = "Xcode 14.0";
			developmentRegion = en;
			hasScannedForEncodings = 0;
			knownRegions = (
				en,
				Base,
			);
			mainGroup = AC203C8DC7C958869177086F;
			productRefGroup = 8E5557B69862581FB2E643EF /* Products */;
			projectDirPath = "";
			projectRoot = "";
			targets = (
				69965597196D5B3EBD120609 /* Storebase */,
			);
		};
/* End PBXProject section */

/* Begin PBXResourcesBuildPhase section */
		AED88FF1390D580F9917BFEC /* Resources */ = {
			isa = PBXResourcesBuildPhase;
			buildActionMask = 2147483647;
			files = (
				E06ED8AC7DEF592DBEC41BCD /* Assets.xcassets in Resources */,
				C41E8B0A7F2D4C1E9A6B3D50 /* AppIcon.icns in Resources */,
				A90D1C3B8E5F4A2C9D70B681 /* AppIcon.icon in Resources */,
			);
			runOnlyForDeploymentPostprocessing = 0;
		};
/* End PBXResourcesBuildPhase section */

/* Begin PBXSourcesBuildPhase section */
		9A9B1F8ED3C254A093C09414 /* Sources */ = {
			isa = PBXSourcesBuildPhase;
			buildActionMask = 2147483647;
			files = (
				B8A82B20D65E578E8A32ECE5 /* APIClient.swift in Sources */,
				D193492CEE0D52A691668D96 /* AppModel.swift in Sources */,
				320B85A19EA3531BA9ACE4C7 /* IngestEngine.swift in Sources */,
				C8D41E70B2A94F6E8C1D3A57 /* CloudStub.swift in Sources */,
				5A4E15BB02C856A0AB2FF6D1 /* MenuBarView.swift in Sources */,
				9212F9A28A515910AA8ED7D5 /* Notifier.swift in Sources */,
				E7B96D9449B2514ABB7D65C5 /* SettingsStore.swift in Sources */,
				396DA1A3CF2654A091CCFA15 /* SettingsViews.swift in Sources */,
				2BA54AF1795254D1AFC49714 /* StorebaseApp.swift in Sources */,
				4C81A0E19B2F4C6DA11E03B7 /* MainWindow.swift in Sources */,
			);
			runOnlyForDeploymentPostprocessing = 0;
		};
/* End PBXSourcesBuildPhase section */

/* Begin XCBuildConfiguration section */
		52E032385854536FA510E6AC /* Debug */ = {
			isa = XCBuildConfiguration;
			buildSettings = {
				ALWAYS_SEARCH_USER_PATHS = NO;
				CLANG_ENABLE_MODULES = YES;
				COPY_PHASE_STRIP = NO;
				DEBUG_INFORMATION_FORMAT = dwarf;
				ENABLE_TESTABILITY = YES;
				MACOSX_DEPLOYMENT_TARGET = 14.0;
				ONLY_ACTIVE_ARCH = YES;
				SDKROOT = macosx;
				SWIFT_ACTIVE_COMPILATION_CONDITIONS = DEBUG;
				SWIFT_OPTIMIZATION_LEVEL = "-Onone";
			};
			name = Debug;
		};
		A2A46DA7B04D59C48B9D4FB1 /* Release */ = {
			isa = XCBuildConfiguration;
			buildSettings = {
				ALWAYS_SEARCH_USER_PATHS = NO;
				CLANG_ENABLE_MODULES = YES;
				COPY_PHASE_STRIP = NO;
				DEBUG_INFORMATION_FORMAT = "dwarf-with-dsym";
				MACOSX_DEPLOYMENT_TARGET = 14.0;
				SDKROOT = macosx;
				SWIFT_COMPILATION_MODE = wholemodule;
				SWIFT_OPTIMIZATION_LEVEL = "-O";
			};
			name = Release;
		};
		A36322D1E08D5CEBA56EE940 /* Debug */ = {
			isa = XCBuildConfiguration;
			buildSettings = {
				ASSETCATALOG_COMPILER_APPICON_NAME = AppIcon;
				ASSETCATALOG_COMPILER_INCLUDE_ALL_APPICON_ASSETS = YES;
				ASSETCATALOG_COMPILER_OTHER_FLAGS = "--enable-icon-stack-fallback-generation=disabled";
				ASSETCATALOG_COMPILER_STANDALONE_ICON_BEHAVIOR = all;
				CODE_SIGN_ENTITLEMENTS = Storebase/Storebase.entitlements;
				CODE_SIGN_STYLE = Automatic;
				COMBINE_HIDPI_IMAGES = YES;
				CURRENT_PROJECT_VERSION = 19;
				ENABLE_HARDENED_RUNTIME = YES;
				GENERATE_INFOPLIST_FILE = NO;
				INFOPLIST_FILE = Storebase/Info.plist;
				INFOPLIST_KEY_LSSupportsOpeningDocumentsInPlace = YES;
				LD_RUNPATH_SEARCH_PATHS = "$(inherited) @executable_path/../Frameworks";
				MACOSX_DEPLOYMENT_TARGET = 14.0;
				MARKETING_VERSION = 1.11;
				PRODUCT_BUNDLE_IDENTIFIER = app.storebase.mac;
				PRODUCT_NAME = Storebase;
				SWIFT_EMIT_LOC_STRINGS = YES;
				SWIFT_STRICT_CONCURRENCY = minimal;
				SWIFT_VERSION = 5.0;
			};
			name = Debug;
		};
		465640D6CEFF51B18D905FE5 /* Release */ = {
			isa = XCBuildConfiguration;
			buildSettings = {
				ASSETCATALOG_COMPILER_APPICON_NAME = AppIcon;
				ASSETCATALOG_COMPILER_INCLUDE_ALL_APPICON_ASSETS = YES;
				ASSETCATALOG_COMPILER_OTHER_FLAGS = "--enable-icon-stack-fallback-generation=disabled";
				ASSETCATALOG_COMPILER_STANDALONE_ICON_BEHAVIOR = all;
				CODE_SIGN_ENTITLEMENTS = Storebase/Storebase.entitlements;
				CODE_SIGN_STYLE = Automatic;
				COMBINE_HIDPI_IMAGES = YES;
				CURRENT_PROJECT_VERSION = 19;
				ENABLE_HARDENED_RUNTIME = YES;
				GENERATE_INFOPLIST_FILE = NO;
				INFOPLIST_FILE = Storebase/Info.plist;
				INFOPLIST_KEY_LSSupportsOpeningDocumentsInPlace = YES;
				LD_RUNPATH_SEARCH_PATHS = "$(inherited) @executable_path/../Frameworks";
				MACOSX_DEPLOYMENT_TARGET = 14.0;
				MARKETING_VERSION = 1.11;
				PRODUCT_BUNDLE_IDENTIFIER = app.storebase.mac;
				PRODUCT_NAME = Storebase;
				SWIFT_EMIT_LOC_STRINGS = YES;
				SWIFT_STRICT_CONCURRENCY = minimal;
				SWIFT_VERSION = 5.0;
			};
			name = Release;
		};
/* End XCBuildConfiguration section */

/* Begin XCConfigurationList section */
		3918A6622DCD514AA09E531F /* Build configuration list for PBXProject "Storebase" */ = {
			isa = XCConfigurationList;
			buildConfigurations = (
				52E032385854536FA510E6AC /* Debug */,
				A2A46DA7B04D59C48B9D4FB1 /* Release */,
			);
			defaultConfigurationIsVisible = 0;
			defaultConfigurationName = Release;
		};
		10CED1DF82D55900AD2AEE82 /* Build configuration list for PBXNativeTarget "Storebase" */ = {
			isa = XCConfigurationList;
			buildConfigurations = (
				A36322D1E08D5CEBA56EE940 /* Debug */,
				465640D6CEFF51B18D905FE5 /* Release */,
			);
			defaultConfigurationIsVisible = 0;
			defaultConfigurationName = Release;
		};
/* End XCConfigurationList section */
	};
	rootObject = 55A139ED13465D47A20CF2B1 /* Project object */;
}
